// !$*UTF8*$!
{
	archiveVersion = 1;
	classes = {
	};
	objectVersion = 46;
	objects = {

/* Begin PBXBuildFile section */
		794DAD7E1629182F00DCD426 /* JRErr.m in Sources */ = {isa = PBXBuildFile; fileRef = 794DAD7C1629182F00DCD426 /* JRErr.m */; };
		794DAD7F1629182F00DCD426 /* TestJRErr.m in Sources */ = {isa = PBXBuildFile; fileRef = 794DAD7D1629182F00DCD426 /* TestJRErr.m */; };
/* End PBXBuildFile section */

/* Begin PBXCopyFilesBuildPhase section */
		794DAD6C162917C500DCD426 /* CopyFiles */ = {
			isa = PBXCopyFilesBuildPhase;
			buildActionMask = 2147483647;
			dstPath = /usr/share/man/man1/;
			dstSubfolderSpec = 0;
			files = (
			);
			runOnlyForDeploymentPostprocessing = 1;
		};
/* End PBXCopyFilesBuildPhase section */

/* Begin PBXFileReference section */
		794DAD6E162917C500DCD426 /* JRErrTeststand */ = {isa = PBXFileReference; explicitFileType = "compiled.mach-o.executable"; includeInIndex = 0; path = JRErrTeststand; sourceTree = BUILT_PRODUCTS_DIR; };
		794DAD7B1629182F00DCD426 /* JRErr.h */ = {isa = PBXFileReference; fileEncoding = 4; lastKnownFileType = sourcecode.c.h; name = JRErr.h; path = ../JRErr.h; sourceTree = SOURCE_ROOT; };
		794DAD7C1629182F00DCD426 /* JRErr.m */ = {isa = PBXFileReference; fileEncoding = 4; lastKnownFileType = sourcecode.c.objc; name = JRErr.m; path = ../JRErr.m; sourceTree = SOURCE_ROOT; };
		794DAD7D1629182F00DCD426 /* TestJRErr.m */ = {isa = PBXFileReference; fileEncoding = 4; lastKnownFileType = sourcecode.c.objc; name = TestJRErr.m; path = ../TestJRErr.m; sourceTree = SOURCE_ROOT; };
/* End PBXFileReference section */

/* Begin PBXFrameworksBuildPhase section */
		794DAD6B162917C500DCD426 /* Frameworks */ = {
			isa = PBXFrameworksBuildPhase;
			buildActionMask = 2147483647;
			files = (
			);
			runOnlyForDeploymentPostprocessing = 0;
		};
/* End PBXFrameworksBuildPhase section */

/* Begin PBXGroup section */
		794DAD63162917C500DCD426 = {
			isa = PBXGroup;
			children = (
				794DAD71162917C500DCD426 /* JRErrTeststand */,
				794DAD6F162917C500DCD426 /* Products */,
			);
			sourceTree = "<group>";
		};
		794DAD6F162917C500DCD426 /* Products */ = {
			isa = PBXGroup;
			children = (
				794DAD6E162917C500DCD426 /* JRErrTeststand */,
			);
			name = Products;
			sourceTree = "<group>";
		};
		794DAD71162917C500DCD426 /* JRErrTeststand */ = {
			isa = PBXGroup;
			children = (
				794DAD7B1629182F00DCD426 /* JRErr.h */,
				794DAD7C1629182F00DCD426 /* JRErr.m */,
				794DAD7D1629182F00DCD426 /* TestJRErr.m */,
			);
			path = JRErrTeststand;
			sourceTree = "<group>";
		};
/* End PBXGroup section */

/* Begin PBXNativeTarget section */
		794DAD6D162917C500DCD426 /* JRErrTeststand */ = {
			isa = PBXNativeTarget;
			buildConfigurationList = 794DAD78162917C500DCD426 /* Build configuration list for PBXNativeTarget "JRErrTeststand" */;
			buildPhases = (
				794DAD6A162917C500DCD426 /* Sources */,
				794DAD6B162917C500DCD426 /* Frameworks */,
				794DAD6C162917C500DCD426 /* CopyFiles */,
			);
			buildRules = (
			);
			dependencies = (
			);
			name = JRErrTeststand;
			productName = JRErrTeststand;
			productReference = 794DAD6E162917C500DCD426 /* JRErrTeststand */;
			productType = "com.apple.product-type.tool";
		};
/* End PBXNativeTarget section */

/* Begin PBXProject section */
		794DAD65162917C500DCD426 /* Project object */ = {
			isa = PBXProject;
			attributes = {
				LastUpgradeCheck = 0450;
				ORGANIZATIONNAME = "Jonathan 'Wolf' Rentzsch";
			};
			buildConfigurationList = 794DAD68162917C500DCD426 /* Build configuration list for PBXProject "JRErrTeststand" */;
			compatibilityVersion = "Xcode 3.2";
			developmentRegion = English;
			hasScannedForEncodings = 0;
			knownRegions = (
				en,
			);
			mainGroup = 794DAD63162917C500DCD426;
			productRefGroup = 794DAD6F162917C500DCD426 /* Products */;
			projectDirPath = "";
			projectRoot = "";
			targets = (
				794DAD6D162917C500DCD426 /* JRErrTeststand */,
			);
		};
/* End PBXProject section */

/* Begin PBXSourcesBuildPhase section */
		794DAD6A162917C500DCD426 /* Sources */ = {
			isa = PBXSourcesBuildPhase;
			buildActionMask = 2147483647;
			files = (
				794DAD7E1629182F00DCD426 /* JRErr.m in Sources */,
				794DAD7F1629182F00DCD426 /* TestJRErr.m in Sources */,
			);
			runOnlyForDeploymentPostprocessing = 0;
		};
/* End PBXSourcesBuildPhase section */

/* Begin XCBuildConfiguration section */
		794DAD76162917C500DCD426 /* Debug */ = {
			isa = XCBuildConfiguration;
			buildSettings = {
				ALWAYS_SEARCH_USER_PATHS = NO;
				ARCHS = "$(ARCHS_STANDARD_64_BIT)";
				CLANG_CXX_LANGUAGE_STANDARD = "gnu++0x";
				CLANG_CXX_LIBRARY = "libc++";
				CLANG_WARN_EMPTY_BODY = YES;
				CLANG_WARN__DUPLICATE_METHOD_MATCH = YES;
				COPY_PHASE_STRIP = NO;
				GCC_C_LANGUAGE_STANDARD = gnu99;
				GCC_DYNAMIC_NO_PIC = NO;
				GCC_ENABLE_OBJC_EXCEPTIONS = YES;
				GCC_OPTIMIZATION_LEVEL = 0;
				GCC_PREPROCESSOR_DEFINITIONS = (
					"DEBUG=1",
					"$(inherited)",
				);
				GCC_SYMBOLS_PRIVATE_EXTERN = NO;
				GCC_WARN_64_TO_32_BIT_CONVERSION = YES;
				GCC_WARN_ABOUT_RETURN_TYPE = YES;
				GCC_WARN_UNINITIALIZED_AUTOS = YES;
				GCC_WARN_UNUSED_VARIABLE = YES;
				MACOSX_DEPLOYMENT_TARGET = 10.6;
				ONLY_ACTIVE_ARCH = YES;
				SDKROOT = macosx;
			};
			name = Debug;
		};
		794DAD77162917C500DCD426 /* Release */ = {
			isa = XCBuildConfiguration;
			buildSettings = {
				ALWAYS_SEARCH_USER_PATHS = NO;
				ARCHS = "$(ARCHS_STANDARD_64_BIT)";
				CLANG_CXX_LANGUAGE_STANDARD = "gnu++0x";
				CLANG_CXX_LIBRARY = "libc++";
				CLANG_WARN_EMPTY_BODY = YES;
				CLANG_WARN__DUPLICATE_METHOD_MATCH = YES;
				COPY_PHASE_STRIP = YES;
				DEBUG_INFORMATION_FORMAT = "dwarf-with-dsym";
				GCC_C_LANGUAGE_STANDARD = gnu99;
				GCC_ENABLE_OBJC_EXCEPTIONS = YES;
				GCC_WARN_64_TO_32_BIT_CONVERSION = YES;
				GCC_WARN_ABOUT_RETURN_TYPE = YES;
				GCC_WARN_UNINITIALIZED_AUTOS = YES;
				GCC_WARN_UNUSED_VARIABLE = YES;
				MACOSX_DEPLOYMENT_TARGET = 10.6;
				SDKROOT = macosx;
			};
			name = Release;
		};
		794DAD79162917C500DCD426 /* Debug */ = {
			isa = XCBuildConfiguration;
			buildSettings = {
				PRODUCT_NAME = "$(TARGET_NAME)";
			};
			name = Debug;
		};
		794DAD7A162917C500DCD426 /* Release */ = {
			isa = XCBuildConfiguration;
			buildSettings = {
				PRODUCT_NAME = "$(TARGET_NAME)";
			};
			name = Release;
		};
/* End XCBuildConfiguration section */

/* Begin XCConfigurationList section */
		794DAD68162917C500DCD426 /* Build configuration list for PBXProject "JRErrTeststand" */ = {
			isa = XCConfigurationList;
			buildConfigurations = (
				794DAD76162917C500DCD426 /* Debug */,
				794DAD77162917C500DCD426 /* Release */,
			);
			defaultConfigurationIsVisible = 0;
			defaultConfigurationName = Release;
		};
		794DAD78162917C500DCD426 /* Build configuration list for PBXNativeTarget "JRErrTeststand" */ = {
			isa = XCConfigurationList;
			buildConfigurations = (
				794DAD79162917C500DCD426 /* Debug */,
				794DAD7A162917C500DCD426 /* Release */,
			);
			defaultConfigurationIsVisible = 0;
			defaultConfigurationName = Release;
		};
/* End XCConfigurationList section */
	};
	rootObject = 794DAD65162917C500DCD426 /* Project object */;
}
